
Microsoft Visual Studio Solution File, Format Version 12.00
# Visual Studio Version 17
VisualStudioVersion = 17.6.33829.357
MinimumVisualStudioVersion = 10.0.40219.1
Project("{FAE04EC0-301F-11D3-BF4B-00C04F79EFBC}") = "CarClass", "CarClass\CarClass.csproj", "{12BFB0E7-9540-42BB-91F1-944056AC8FD7}"
EndProject
Global
	GlobalSection(SolutionConfigurationPlatforms) = preSolution
		Debug|Any CPU = Debug|Any CPU
		Release|Any CPU = Release|Any CPU
	EndGlobalSection
	GlobalSection(ProjectConfigurationPlatforms) = postSolution
		{12BFB0E7-9540-42BB-91F1-944056AC8FD7}.Debug|Any CPU.ActiveCfg = Debug|Any CPU
		{12BFB0E7-9540-42BB-91F1-944056AC8FD7}.Debug|Any CPU.Build.0 = Debug|Any CPU
		{12BFB0E7-9540-42BB-91F1-944056AC8FD7}.Release|Any CPU.ActiveCfg = Release|Any CPU
		{12BFB0E7-9540-42BB-91F1-944056AC8FD7}.Release|Any CPU.Build.0 = Release|Any CPU
	EndGlobalSection
	GlobalSection(SolutionProperties) = preSolution
		HideSolutionNode = FALSE
	EndGlobalSection
	GlobalSection(ExtensibilityGlobals) = postSolution
		SolutionGuid = {62EA0FFD-DCA3-4AF0-B9B2-2E7C906799E2}
	EndGlobalSection
EndGlobal
